
Microsoft Visual Studio Solution File, Format Version 12.00
# Visual Studio Version 17
VisualStudioVersion = 17.11.35303.130
MinimumVisualStudioVersion = 10.0.40219.1
Project("{FAE04EC0-301F-11D3-BF4B-00C04F79EFBC}") = "PriceCalculator", "PriceCalculator\PriceCalculator.csproj", "{6A32FB63-B33B-423B-BC1B-99D34A0C1D6E}"
EndProject
Global
	GlobalSection(SolutionConfigurationPlatforms) = preSolution
		Debug|Any CPU = Debug|Any CPU
		Release|Any CPU = Release|Any CPU
	EndGlobalSection
	GlobalSection(ProjectConfigurationPlatforms) = postSolution
		{6A32FB63-B33B-423B-BC1B-99D34A0C1D6E}.Debug|Any CPU.ActiveCfg = Debug|Any CPU
		{6A32FB63-B33B-423B-BC1B-99D34A0C1D6E}.Debug|Any CPU.Build.0 = Debug|Any CPU
		{6A32FB63-B33B-423B-BC1B-99D34A0C1D6E}.Release|Any CPU.ActiveCfg = Release|Any CPU
		{6A32FB63-B33B-423B-BC1B-99D34A0C1D6E}.Release|Any CPU.Build.0 = Release|Any CPU
	EndGlobalSection
	GlobalSection(SolutionProperties) = preSolution
		HideSolutionNode = FALSE
	EndGlobalSection
	GlobalSection(ExtensibilityGlobals) = postSolution
		SolutionGuid = {475CCFBE-2E6C-44BF-BF4A-6BFB87F6B306}
	EndGlobalSection
EndGlobal
